
Microsoft Visual Studio Solution File, Format Version 12.00
# Visual Studio Version 17
VisualStudioVersion = 17.11.35327.3
MinimumVisualStudioVersion = 10.0.40219.1
Project("{8BC9CEB8-8B4A-11D0-8D11-00A0C91BC942}") = "Program", "Program.vcxproj", "{02FEDDAA-1D62-4A65-ACFF-A81EA4D5A8A3}"
EndProject
Project("{8BC9CEB8-8B4A-11D0-8D11-00A0C91BC942}") = "Class1th (GetAsyncKeyState)", "..\Class1th (GetAsyncKeyState)\Class1th (GetAsyncKeyState).vcxproj", "{47949EAC-58D1-435F-A729-819A937091F3}"
EndProject
Project("{8BC9CEB8-8B4A-11D0-8D11-00A0C91BC942}") = "Class2th (Time)", "..\Class2th (Time)\Class2th (Time).vcxproj", "{CBF0524E-E9FD-4097-99D3-B9FDC347D1C0}"
EndProject
Project("{8BC9CEB8-8B4A-11D0-8D11-00A0C91BC942}") = "Class3th (Double Buffer)", "..\Class3th (Double Buffer)\Class3th (Double Buffer).vcxproj", "{F221F6EF-A593-4C8B-8D09-1C01F15F0553}"
EndProject
Project("{8BC9CEB8-8B4A-11D0-8D11-00A0C91BC942}") = "Class4th (Color)", "..\Class4th (Color)\Class4th (Color).vcxproj", "{0E9B686E-5377-4531-8CE9-0F697F1E71FC}"
EndProject
Global
	GlobalSection(SolutionConfigurationPlatforms) = preSolution
		Debug|x64 = Debug|x64
		Debug|x86 = Debug|x86
		Release|x64 = Release|x64
		Release|x86 = Release|x86
	EndGlobalSection
	GlobalSection(ProjectConfigurationPlatforms) = postSolution
		{02FEDDAA-1D62-4A65-ACFF-A81EA4D5A8A3}.Debug|x64.ActiveCfg = Debug|x64
		{02FEDDAA-1D62-4A65-ACFF-A81EA4D5A8A3}.Debug|x64.Build.0 = Debug|x64
		{02FEDDAA-1D62-4A65-ACFF-A81EA4D5A8A3}.Debug|x86.ActiveCfg = Debug|Win32
		{02FEDDAA-1D62-4A65-ACFF-A81EA4D5A8A3}.Debug|x86.Build.0 = Debug|Win32
		{02FEDDAA-1D62-4A65-ACFF-A81EA4D5A8A3}.Release|x64.ActiveCfg = Release|x64
		{02FEDDAA-1D62-4A65-ACFF-A81EA4D5A8A3}.Release|x64.Build.0 = Release|x64
		{02FEDDAA-1D62-4A65-ACFF-A81EA4D5A8A3}.Release|x86.ActiveCfg = Release|Win32
		{02FEDDAA-1D62-4A65-ACFF-A81EA4D5A8A3}.Release|x86.Build.0 = Release|Win32
		{47949EAC-58D1-435F-A729-819A937091F3}.Debug|x64.ActiveCfg = Debug|x64
		{47949EAC-58D1-435F-A729-819A937091F3}.Debug|x64.Build.0 = Debug|x64
		{47949EAC-58D1-435F-A729-819A937091F3}.Debug|x86.ActiveCfg = Debug|Win32
		{47949EAC-58D1-435F-A729-819A937091F3}.Debug|x86.Build.0 = Debug|Win32
		{47949EAC-58D1-435F-A729-819A937091F3}.Release|x64.ActiveCfg = Release|x64
		{47949EAC-58D1-435F-A729-819A937091F3}.Release|x64.Build.0 = Release|x64
		{47949EAC-58D1-435F-A729-819A937091F3}.Release|x86.ActiveCfg = Release|Win32
		{47949EAC-58D1-435F-A729-819A937091F3}.Release|x86.Build.0 = Release|Win32
		{CBF0524E-E9FD-4097-99D3-B9FDC347D1C0}.Debug|x64.ActiveCfg = Debug|x64
		{CBF0524E-E9FD-4097-99D3-B9FDC347D1C0}.Debug|x64.Build.0 = Debug|x64
		{CBF0524E-E9FD-4097-99D3-B9FDC347D1C0}.Debug|x86.ActiveCfg = Debug|Win32
		{CBF0524E-E9FD-4097-99D3-B9FDC347D1C0}.Debug|x86.Build.0 = Debug|Win32
		{CBF0524E-E9FD-4097-99D3-B9FDC347D1C0}.Release|x64.ActiveCfg = Release|x64
		{CBF0524E-E9FD-4097-99D3-B9FDC347D1C0}.Release|x64.Build.0 = Release|x64
		{CBF0524E-E9FD-4097-99D3-B9FDC347D1C0}.Release|x86.ActiveCfg = Release|Win32
		{CBF0524E-E9FD-4097-99D3-B9FDC347D1C0}.Release|x86.Build.0 = Release|Win32
		{F221F6EF-A593-4C8B-8D09-1C01F15F0553}.Debug|x64.ActiveCfg = Debug|x64
		{F221F6EF-A593-4C8B-8D09-1C01F15F0553}.Debug|x64.Build.0 = Debug|x64
		{F221F6EF-A593-4C8B-8D09-1C01F15F0553}.Debug|x86.ActiveCfg = Debug|Win32
		{F221F6EF-A593-4C8B-8D09-1C01F15F0553}.Debug|x86.Build.0 = Debug|Win32
		{F221F6EF-A593-4C8B-8D09-1C01F15F0553}.Release|x64.ActiveCfg = Release|x64
		{F221F6EF-A593-4C8B-8D09-1C01F15F0553}.Release|x64.Build.0 = Release|x64
		{F221F6EF-A593-4C8B-8D09-1C01F15F0553}.Release|x86.ActiveCfg = Release|Win32
		{F221F6EF-A593-4C8B-8D09-1C01F15F0553}.Release|x86.Build.0 = Release|Win32
		{0E9B686E-5377-4531-8CE9-0F697F1E71FC}.Debug|x64.ActiveCfg = Debug|x64
		{0E9B686E-5377-4531-8CE9-0F697F1E71FC}.Debug|x64.Build.0 = Debug|x64
		{0E9B686E-5377-4531-8CE9-0F697F1E71FC}.Debug|x86.ActiveCfg = Debug|Win32
		{0E9B686E-5377-4531-8CE9-0F697F1E71FC}.Debug|x86.Build.0 = Debug|Win32
		{0E9B686E-5377-4531-8CE9-0F697F1E71FC}.Release|x64.ActiveCfg = Release|x64
		{0E9B686E-5377-4531-8CE9-0F697F1E71FC}.Release|x64.Build.0 = Release|x64
		{0E9B686E-5377-4531-8CE9-0F697F1E71FC}.Release|x86.ActiveCfg = Release|Win32
		{0E9B686E-5377-4531-8CE9-0F697F1E71FC}.Release|x86.Build.0 = Release|Win32
	EndGlobalSection
	GlobalSection(SolutionProperties) = preSolution
		HideSolutionNode = FALSE
	EndGlobalSection
	GlobalSection(ExtensibilityGlobals) = postSolution
		SolutionGuid = {63CBFCA5-F8E3-49A1-B3B8-5B23ECE1905F}
	EndGlobalSection
EndGlobal
